
Microsoft Visual Studio Solution File, Format Version 12.00
# Visual Studio Version 16
VisualStudioVersion = 16.0.31321.278
MinimumVisualStudioVersion = 10.0.40219.1
Project("{9A19103F-16F7-4668-BE54-9A1E7A4F7556}") = "MentoriaDevSTi3", "MentoriaDevSTi3\MentoriaDevSTi3.csproj", "{96ACCBF8-0305-4C23-BD8C-CD0D20E4F9D5}"
EndProject
Project("{9A19103F-16F7-4668-BE54-9A1E7A4F7556}") = "MentoriaDevSti3.Data", "MentoriaDevSti3.Data\MentoriaDevSti3.Data.csproj", "{F52E9265-134E-496F-A74E-BB13618F02B0}"
EndProject
Global
	GlobalSection(SolutionConfigurationPlatforms) = preSolution
		Debug|Any CPU = Debug|Any CPU
		Release|Any CPU = Release|Any CPU
	EndGlobalSection
	GlobalSection(ProjectConfigurationPlatforms) = postSolution
		{96ACCBF8-0305-4C23-BD8C-CD0D20E4F9D5}.Debug|Any CPU.ActiveCfg = Debug|Any CPU
		{96ACCBF8-0305-4C23-BD8C-CD0D20E4F9D5}.Debug|Any CPU.Build.0 = Debug|Any CPU
		{96ACCBF8-0305-4C23-BD8C-CD0D20E4F9D5}.Release|Any CPU.ActiveCfg = Release|Any CPU
		{96ACCBF8-0305-4C23-BD8C-CD0D20E4F9D5}.Release|Any CPU.Build.0 = Release|Any CPU
		{F52E9265-134E-496F-A74E-BB13618F02B0}.Debug|Any CPU.ActiveCfg = Debug|Any CPU
		{F52E9265-134E-496F-A74E-BB13618F02B0}.Debug|Any CPU.Build.0 = Debug|Any CPU
		{F52E9265-134E-496F-A74E-BB13618F02B0}.Release|Any CPU.ActiveCfg = Release|Any CPU
		{F52E9265-134E-496F-A74E-BB13618F02B0}.Release|Any CPU.Build.0 = Release|Any CPU
	EndGlobalSection
	GlobalSection(SolutionProperties) = preSolution
		HideSolutionNode = FALSE
	EndGlobalSection
	GlobalSection(ExtensibilityGlobals) = postSolution
		SolutionGuid = {D157B4E9-C311-4FAC-A40D-71B19CDC42C4}
	EndGlobalSection
EndGlobal
